
Microsoft Visual Studio Solution File, Format Version 12.00
# Visual Studio 2012
Project("{6989167D-11E4-40FE-8C1A-2192A86A7E90}") = "etFomm64", "etFomm64.vfproj", "{A763AF02-6399-4622-B585-38385B388B7A}"
EndProject
Global
	GlobalSection(SolutionConfigurationPlatforms) = preSolution
		Debug|x64 = Debug|x64
		Release|x64 = Release|x64
	EndGlobalSection
	GlobalSection(ProjectConfigurationPlatforms) = postSolution
		{A763AF02-6399-4622-B585-38385B388B7A}.Debug|x64.ActiveCfg = Debug|x64
		{A763AF02-6399-4622-B585-38385B388B7A}.Debug|x64.Build.0 = Debug|x64
		{A763AF02-6399-4622-B585-38385B388B7A}.Release|x64.ActiveCfg = Release|x64
		{A763AF02-6399-4622-B585-38385B388B7A}.Release|x64.Build.0 = Release|x64
	EndGlobalSection
	GlobalSection(SolutionProperties) = preSolution
		HideSolutionNode = FALSE
	EndGlobalSection
EndGlobal
